// !$*UTF8*$!
{
	archiveVersion = 1;
	classes = {
	};
	objectVersion = 56;
	objects = {

/* Begin PBXBuildFile section */
		550762312909A2FD002BBFDD /* MovieDetail.swift in Sources */ = {isa = PBXBuildFile; fileRef = 550762302909A2FD002BBFDD /* MovieDetail.swift */; };
		55076235290A5F19002BBFDD /* ActorCollectionViewCell.swift in Sources */ = {isa = PBXBuildFile; fileRef = 55076234290A5F19002BBFDD /* ActorCollectionViewCell.swift */; };
		55643E872906A57F0058B3A8 /* MovieViewController.swift in Sources */ = {isa = PBXBuildFile; fileRef = 55643E862906A57F0058B3A8 /* MovieViewController.swift */; };
		55643E8B2906C8940058B3A8 /* MovieViewCell.swift in Sources */ = {isa = PBXBuildFile; fileRef = 55643E8A2906C8940058B3A8 /* MovieViewCell.swift */; };
		55643E932907B6AC0058B3A8 /* Movies.swift in Sources */ = {isa = PBXBuildFile; fileRef = 55643E922907B6AC0058B3A8 /* Movies.swift */; };
		55643E952907BB1E0058B3A8 /* NetworkService.swift in Sources */ = {isa = PBXBuildFile; fileRef = 55643E942907BB1E0058B3A8 /* NetworkService.swift */; };
		55B2AA9529069D6B009F0BD7 /* AppDelegate.swift in Sources */ = {isa = PBXBuildFile; fileRef = 55B2AA9429069D6B009F0BD7 /* AppDelegate.swift */; };
		55B2AA9729069D6B009F0BD7 /* SceneDelegate.swift in Sources */ = {isa = PBXBuildFile; fileRef = 55B2AA9629069D6B009F0BD7 /* SceneDelegate.swift */; };
		55B2AA9C29069D6B009F0BD7 /* Main.storyboard in Resources */ = {isa = PBXBuildFile; fileRef = 55B2AA9A29069D6B009F0BD7 /* Main.storyboard */; };
		55B2AA9E29069D71009F0BD7 /* Assets.xcassets in Resources */ = {isa = PBXBuildFile; fileRef = 55B2AA9D29069D71009F0BD7 /* Assets.xcassets */; };
		55B2AAA129069D71009F0BD7 /* LaunchScreen.storyboard in Resources */ = {isa = PBXBuildFile; fileRef = 55B2AA9F29069D71009F0BD7 /* LaunchScreen.storyboard */; };
		55B474F5290939DB00955188 /* Casts.swift in Sources */ = {isa = PBXBuildFile; fileRef = 55B474F4290939DA00955188 /* Casts.swift */; };
		55BDFAC629093C480086B2DA /* MovieDetailViewController.swift in Sources */ = {isa = PBXBuildFile; fileRef = 55BDFAC529093C480086B2DA /* MovieDetailViewController.swift */; };
		A6EA5BB711226504E27C2C56 /* Pods_MovieMVVM.framework in Frameworks */ = {isa = PBXBuildFile; fileRef = 94DAA5F23EB8D9B8C5800005 /* Pods_MovieMVVM.framework */; };
		CE16C2282990FEC70095F137 /* NetworkServiceProtocol.swift in Sources */ = {isa = PBXBuildFile; fileRef = CE16C2272990FEC70095F137 /* NetworkServiceProtocol.swift */; };
		CE16C22B299102BB0095F137 /* ImageAPIService.swift in Sources */ = {isa = PBXBuildFile; fileRef = CE16C22A299102BB0095F137 /* ImageAPIService.swift */; };
		CE16C22E299102E40095F137 /* ImageAPIServiceProtocol.swift in Sources */ = {isa = PBXBuildFile; fileRef = CE16C22D299102E40095F137 /* ImageAPIServiceProtocol.swift */; };
		CE16C2312991066F0095F137 /* Movie.swift in Sources */ = {isa = PBXBuildFile; fileRef = CE16C2302991066F0095F137 /* Movie.swift */; };
		CE16C233299106970095F137 /* Cast.swift in Sources */ = {isa = PBXBuildFile; fileRef = CE16C232299106970095F137 /* Cast.swift */; };
		CE16C235299107D00095F137 /* Genre.swift in Sources */ = {isa = PBXBuildFile; fileRef = CE16C234299107D00095F137 /* Genre.swift */; };
		CE16C28729915C620095F137 /* MovieViewModel.swift in Sources */ = {isa = PBXBuildFile; fileRef = CE16C28629915C620095F137 /* MovieViewModel.swift */; };
		CE16C28A29915CEA0095F137 /* MovieViewModelProtocol.swift in Sources */ = {isa = PBXBuildFile; fileRef = CE16C28929915CEA0095F137 /* MovieViewModelProtocol.swift */; };
		CE16C28C29915D710095F137 /* MovieViewData.swift in Sources */ = {isa = PBXBuildFile; fileRef = CE16C28B29915D710095F137 /* MovieViewData.swift */; };
		CE16C28E299163FC0095F137 /* MovieCategory.swift in Sources */ = {isa = PBXBuildFile; fileRef = CE16C28D299163FC0095F137 /* MovieCategory.swift */; };
		CE16C29129916BA10095F137 /* Bilder.swift in Sources */ = {isa = PBXBuildFile; fileRef = CE16C29029916BA10095F137 /* Bilder.swift */; };
		CE16C2C72992221E0095F137 /* MovieDetailViewModelProtocol.swift in Sources */ = {isa = PBXBuildFile; fileRef = CE16C2C62992221E0095F137 /* MovieDetailViewModelProtocol.swift */; };
		CE16C2C92992222F0095F137 /* MovieDetailViewModel.swift in Sources */ = {isa = PBXBuildFile; fileRef = CE16C2C82992222F0095F137 /* MovieDetailViewModel.swift */; };
		CE16C2CE29924AEC0095F137 /* FileManager.swift in Sources */ = {isa = PBXBuildFile; fileRef = CE16C2CD29924AEC0095F137 /* FileManager.swift */; };
		CE16C2D229924B4E0095F137 /* ProxyProtocol.swift in Sources */ = {isa = PBXBuildFile; fileRef = CE16C2D129924B4E0095F137 /* ProxyProtocol.swift */; };
		CE16C2D429924B860095F137 /* Proxy.swift in Sources */ = {isa = PBXBuildFile; fileRef = CE16C2D329924B860095F137 /* Proxy.swift */; };
		CE16C2D629924BD80095F137 /* FileManagerProtocol.swift in Sources */ = {isa = PBXBuildFile; fileRef = CE16C2D529924BD80095F137 /* FileManagerProtocol.swift */; };
		CE16C2D8299251B90095F137 /* ImageServiceProtocol.swift in Sources */ = {isa = PBXBuildFile; fileRef = CE16C2D7299251B90095F137 /* ImageServiceProtocol.swift */; };
		CE16C2DA299251DE0095F137 /* ImageService.swift in Sources */ = {isa = PBXBuildFile; fileRef = CE16C2D9299251DE0095F137 /* ImageService.swift */; };
		CE16C2FC299288350095F137 /* UIButton+Extension.swift in Sources */ = {isa = PBXBuildFile; fileRef = CE16C2FB299288350095F137 /* UIButton+Extension.swift */; };
		CE16C3042992B8680095F137 /* BilderProtocol.swift in Sources */ = {isa = PBXBuildFile; fileRef = CE16C3032992B8680095F137 /* BilderProtocol.swift */; };
		CE16C3062992BA980095F137 /* UIVIewController+Extension.swift in Sources */ = {isa = PBXBuildFile; fileRef = CE16C3052992BA980095F137 /* UIVIewController+Extension.swift */; };
		CE16C30B2992C6FA0095F137 /* BaseCoordinator.swift in Sources */ = {isa = PBXBuildFile; fileRef = CE16C30A2992C6FA0095F137 /* BaseCoordinator.swift */; };
		CE16C30D2992C71F0095F137 /* MovieCoordinator.swift in Sources */ = {isa = PBXBuildFile; fileRef = CE16C30C2992C71F0095F137 /* MovieCoordinator.swift */; };
		CE16C36E2993A5130095F137 /* Handlers.swift in Sources */ = {isa = PBXBuildFile; fileRef = CE16C36D2993A5130095F137 /* Handlers.swift */; };
		CE16C3962993E7B50095F137 /* CoreDataService.swift in Sources */ = {isa = PBXBuildFile; fileRef = CE16C3952993E7B50095F137 /* CoreDataService.swift */; };
		CE16C39C2993E9780095F137 /* MovieMVVM.xcdatamodeld in Sources */ = {isa = PBXBuildFile; fileRef = CE16C39A2993E9780095F137 /* MovieMVVM.xcdatamodeld */; };
		CE16C3A52994FCDC0095F137 /* KeychainService.swift in Sources */ = {isa = PBXBuildFile; fileRef = CE16C3A42994FCDC0095F137 /* KeychainService.swift */; };
		CE16C3A72994FCE60095F137 /* KeychainServiceProtocol.swift in Sources */ = {isa = PBXBuildFile; fileRef = CE16C3A62994FCE60095F137 /* KeychainServiceProtocol.swift */; };
		CE16C3AC299562680095F137 /* CoreDataServiceProtocol.swift in Sources */ = {isa = PBXBuildFile; fileRef = CE16C3AB299562680095F137 /* CoreDataServiceProtocol.swift */; };
		CE16C3BE2997FD5F0095F137 /* BaseCoordinatorTests.swift in Sources */ = {isa = PBXBuildFile; fileRef = CE16C3BD2997FD5F0095F137 /* BaseCoordinatorTests.swift */; };
		CE16C3C22997FDA70095F137 /* MovieDetailViewModelTests.swift in Sources */ = {isa = PBXBuildFile; fileRef = CE16C3C12997FDA70095F137 /* MovieDetailViewModelTests.swift */; };
		CE16C3C42997FDBE0095F137 /* MovieBilderTests.swift in Sources */ = {isa = PBXBuildFile; fileRef = CE16C3C32997FDBE0095F137 /* MovieBilderTests.swift */; };
		CE16C3C62997FDD10095F137 /* MovieViewModelTests.swift in Sources */ = {isa = PBXBuildFile; fileRef = CE16C3C52997FDD10095F137 /* MovieViewModelTests.swift */; };
		CE16C3C82997FDE40095F137 /* ImageServiceTests.swift in Sources */ = {isa = PBXBuildFile; fileRef = CE16C3C72997FDE40095F137 /* ImageServiceTests.swift */; };
		CE16C3CA2997FDF90095F137 /* NetworkServiceTests.swift in Sources */ = {isa = PBXBuildFile; fileRef = CE16C3C92997FDF90095F137 /* NetworkServiceTests.swift */; };
		CE16C3CC2997FE0B0095F137 /* KeychainServiceTests.swift in Sources */ = {isa = PBXBuildFile; fileRef = CE16C3CB2997FE0B0095F137 /* KeychainServiceTests.swift */; };
		CE16C3CE2999D4870095F137 /* ApplicationCoordinator.swift in Sources */ = {isa = PBXBuildFile; fileRef = CE16C3CD2999D4870095F137 /* ApplicationCoordinator.swift */; };
		CE16C3D12999DA700095F137 /* MockNetworkService.swift in Sources */ = {isa = PBXBuildFile; fileRef = CE16C3D02999DA700095F137 /* MockNetworkService.swift */; };
		CE16C3D32999DA800095F137 /* MockKeychainService.swift in Sources */ = {isa = PBXBuildFile; fileRef = CE16C3D22999DA800095F137 /* MockKeychainService.swift */; };
		CE16C3D52999DA940095F137 /* MockCoordinator.swift in Sources */ = {isa = PBXBuildFile; fileRef = CE16C3D42999DA940095F137 /* MockCoordinator.swift */; };
		CE16C3D72999DAA20095F137 /* MockProxy.swift in Sources */ = {isa = PBXBuildFile; fileRef = CE16C3D62999DAA20095F137 /* MockProxy.swift */; };
		CE16C3D92999E2B50095F137 /* MockImageService.swift in Sources */ = {isa = PBXBuildFile; fileRef = CE16C3D82999E2B50095F137 /* MockImageService.swift */; };
		CE16C3DD2999E6950095F137 /* FileManagerTests.swift in Sources */ = {isa = PBXBuildFile; fileRef = CE16C3DC2999E6950095F137 /* FileManagerTests.swift */; };
		CE16C3DF2999EC4A0095F137 /* MockCoreDataService.swift in Sources */ = {isa = PBXBuildFile; fileRef = CE16C3DE2999EC4A0095F137 /* MockCoreDataService.swift */; };
		CEF355CC299E9A3E00AF4438 /* Localizable.strings in Resources */ = {isa = PBXBuildFile; fileRef = CEF355CB299E9A3E00AF4438 /* Localizable.strings */; };
		CEF355CE299E9A8B00AF4438 /* Strings+Generated.swift in Sources */ = {isa = PBXBuildFile; fileRef = CEF355CD299E9A8B00AF4438 /* Strings+Generated.swift */; };
/* End PBXBuildFile section */

/* Begin PBXContainerItemProxy section */
		CE16C3B82997FD060095F137 /* PBXContainerItemProxy */ = {
			isa = PBXContainerItemProxy;
			containerPortal = 55B2AA8929069D6B009F0BD7 /* Project object */;
			proxyType = 1;
			remoteGlobalIDString = 55B2AA9029069D6B009F0BD7;
			remoteInfo = MovieMVVM;
		};
/* End PBXContainerItemProxy section */

/* Begin PBXFileReference section */
		550762302909A2FD002BBFDD /* MovieDetail.swift */ = {isa = PBXFileReference; lastKnownFileType = sourcecode.swift; path = MovieDetail.swift; sourceTree = "<group>"; };
		55076234290A5F19002BBFDD /* ActorCollectionViewCell.swift */ = {isa = PBXFileReference; lastKnownFileType = sourcecode.swift; path = ActorCollectionViewCell.swift; sourceTree = "<group>"; };
		55643E862906A57F0058B3A8 /* MovieViewController.swift */ = {isa = PBXFileReference; lastKnownFileType = sourcecode.swift; path = MovieViewController.swift; sourceTree = "<group>"; };
		55643E8A2906C8940058B3A8 /* MovieViewCell.swift */ = {isa = PBXFileReference; lastKnownFileType = sourcecode.swift; path = MovieViewCell.swift; sourceTree = "<group>"; };
		55643E922907B6AC0058B3A8 /* Movies.swift */ = {isa = PBXFileReference; lastKnownFileType = sourcecode.swift; path = Movies.swift; sourceTree = "<group>"; };
		55643E942907BB1E0058B3A8 /* NetworkService.swift */ = {isa = PBXFileReference; lastKnownFileType = sourcecode.swift; path = NetworkService.swift; sourceTree = "<group>"; };
		55B2AA9129069D6B009F0BD7 /* MovieMVVM.app */ = {isa = PBXFileReference; explicitFileType = wrapper.application; includeInIndex = 0; path = MovieMVVM.app; sourceTree = BUILT_PRODUCTS_DIR; };
		55B2AA9429069D6B009F0BD7 /* AppDelegate.swift */ = {isa = PBXFileReference; lastKnownFileType = sourcecode.swift; path = AppDelegate.swift; sourceTree = "<group>"; };
		55B2AA9629069D6B009F0BD7 /* SceneDelegate.swift */ = {isa = PBXFileReference; lastKnownFileType = sourcecode.swift; path = SceneDelegate.swift; sourceTree = "<group>"; };
		55B2AA9B29069D6B009F0BD7 /* Base */ = {isa = PBXFileReference; lastKnownFileType = file.storyboard; name = Base; path = Base.lproj/Main.storyboard; sourceTree = "<group>"; };
		55B2AA9D29069D71009F0BD7 /* Assets.xcassets */ = {isa = PBXFileReference; lastKnownFileType = folder.assetcatalog; path = Assets.xcassets; sourceTree = "<group>"; };
		55B2AAA029069D71009F0BD7 /* Base */ = {isa = PBXFileReference; lastKnownFileType = file.storyboard; name = Base; path = Base.lproj/LaunchScreen.storyboard; sourceTree = "<group>"; };
		55B2AAA229069D71009F0BD7 /* Info.plist */ = {isa = PBXFileReference; lastKnownFileType = text.plist.xml; path = Info.plist; sourceTree = "<group>"; };
		55B474F4290939DA00955188 /* Casts.swift */ = {isa = PBXFileReference; lastKnownFileType = sourcecode.swift; path = Casts.swift; sourceTree = "<group>"; };
		55BDFAC529093C480086B2DA /* MovieDetailViewController.swift */ = {isa = PBXFileReference; lastKnownFileType = sourcecode.swift; path = MovieDetailViewController.swift; sourceTree = "<group>"; };
		94DAA5F23EB8D9B8C5800005 /* Pods_MovieMVVM.framework */ = {isa = PBXFileReference; explicitFileType = wrapper.framework; includeInIndex = 0; path = Pods_MovieMVVM.framework; sourceTree = BUILT_PRODUCTS_DIR; };
		AB593A960390ABA37ED28852 /* Pods-MovieMVVM.debug.xcconfig */ = {isa = PBXFileReference; includeInIndex = 1; lastKnownFileType = text.xcconfig; name = "Pods-MovieMVVM.debug.xcconfig"; path = "Target Support Files/Pods-MovieMVVM/Pods-MovieMVVM.debug.xcconfig"; sourceTree = "<group>"; };
		CDD7D693AC2CFE02EE05DF44 /* Pods-MovieMVVM.release.xcconfig */ = {isa = PBXFileReference; includeInIndex = 1; lastKnownFileType = text.xcconfig; name = "Pods-MovieMVVM.release.xcconfig"; path = "Target Support Files/Pods-MovieMVVM/Pods-MovieMVVM.release.xcconfig"; sourceTree = "<group>"; };
		CE16C2272990FEC70095F137 /* NetworkServiceProtocol.swift */ = {isa = PBXFileReference; lastKnownFileType = sourcecode.swift; path = NetworkServiceProtocol.swift; sourceTree = "<group>"; };
		CE16C22A299102BB0095F137 /* ImageAPIService.swift */ = {isa = PBXFileReference; lastKnownFileType = sourcecode.swift; path = ImageAPIService.swift; sourceTree = "<group>"; };
		CE16C22D299102E40095F137 /* ImageAPIServiceProtocol.swift */ = {isa = PBXFileReference; lastKnownFileType = sourcecode.swift; path = ImageAPIServiceProtocol.swift; sourceTree = "<group>"; };
		CE16C2302991066F0095F137 /* Movie.swift */ = {isa = PBXFileReference; lastKnownFileType = sourcecode.swift; path = Movie.swift; sourceTree = "<group>"; };
		CE16C232299106970095F137 /* Cast.swift */ = {isa = PBXFileReference; lastKnownFileType = sourcecode.swift; path = Cast.swift; sourceTree = "<group>"; };
		CE16C234299107D00095F137 /* Genre.swift */ = {isa = PBXFileReference; lastKnownFileType = sourcecode.swift; path = Genre.swift; sourceTree = "<group>"; };
		CE16C28629915C620095F137 /* MovieViewModel.swift */ = {isa = PBXFileReference; lastKnownFileType = sourcecode.swift; path = MovieViewModel.swift; sourceTree = "<group>"; };
		CE16C28929915CEA0095F137 /* MovieViewModelProtocol.swift */ = {isa = PBXFileReference; lastKnownFileType = sourcecode.swift; path = MovieViewModelProtocol.swift; sourceTree = "<group>"; };
		CE16C28B29915D710095F137 /* MovieViewData.swift */ = {isa = PBXFileReference; lastKnownFileType = sourcecode.swift; path = MovieViewData.swift; sourceTree = "<group>"; };
		CE16C28D299163FC0095F137 /* MovieCategory.swift */ = {isa = PBXFileReference; lastKnownFileType = sourcecode.swift; path = MovieCategory.swift; sourceTree = "<group>"; };
		CE16C29029916BA10095F137 /* Bilder.swift */ = {isa = PBXFileReference; lastKnownFileType = sourcecode.swift; path = Bilder.swift; sourceTree = "<group>"; };
		CE16C2C62992221E0095F137 /* MovieDetailViewModelProtocol.swift */ = {isa = PBXFileReference; lastKnownFileType = sourcecode.swift; path = MovieDetailViewModelProtocol.swift; sourceTree = "<group>"; };
		CE16C2C82992222F0095F137 /* MovieDetailViewModel.swift */ = {isa = PBXFileReference; lastKnownFileType = sourcecode.swift; path = MovieDetailViewModel.swift; sourceTree = "<group>"; };
		CE16C2CD29924AEC0095F137 /* FileManager.swift */ = {isa = PBXFileReference; lastKnownFileType = sourcecode.swift; path = FileManager.swift; sourceTree = "<group>"; };
		CE16C2D129924B4E0095F137 /* ProxyProtocol.swift */ = {isa = PBXFileReference; lastKnownFileType = sourcecode.swift; path = ProxyProtocol.swift; sourceTree = "<group>"; };
		CE16C2D329924B860095F137 /* Proxy.swift */ = {isa = PBXFileReference; lastKnownFileType = sourcecode.swift; path = Proxy.swift; sourceTree = "<group>"; };
		CE16C2D529924BD80095F137 /* FileManagerProtocol.swift */ = {isa = PBXFileReference; lastKnownFileType = sourcecode.swift; path = FileManagerProtocol.swift; sourceTree = "<group>"; };
		CE16C2D7299251B90095F137 /* ImageServiceProtocol.swift */ = {isa = PBXFileReference; lastKnownFileType = sourcecode.swift; path = ImageServiceProtocol.swift; sourceTree = "<group>"; };
		CE16C2D9299251DE0095F137 /* ImageService.swift */ = {isa = PBXFileReference; lastKnownFileType = sourcecode.swift; path = ImageService.swift; sourceTree = "<group>"; };
		CE16C2FB299288350095F137 /* UIButton+Extension.swift */ = {isa = PBXFileReference; lastKnownFileType = sourcecode.swift; path = "UIButton+Extension.swift"; sourceTree = "<group>"; };
		CE16C3032992B8680095F137 /* BilderProtocol.swift */ = {isa = PBXFileReference; lastKnownFileType = sourcecode.swift; path = BilderProtocol.swift; sourceTree = "<group>"; };
		CE16C3052992BA980095F137 /* UIVIewController+Extension.swift */ = {isa = PBXFileReference; lastKnownFileType = sourcecode.swift; path = "UIVIewController+Extension.swift"; sourceTree = "<group>"; };
		CE16C30A2992C6FA0095F137 /* BaseCoordinator.swift */ = {isa = PBXFileReference; lastKnownFileType = sourcecode.swift; path = BaseCoordinator.swift; sourceTree = "<group>"; };
		CE16C30C2992C71F0095F137 /* MovieCoordinator.swift */ = {isa = PBXFileReference; lastKnownFileType = sourcecode.swift; path = MovieCoordinator.swift; sourceTree = "<group>"; };
		CE16C36D2993A5130095F137 /* Handlers.swift */ = {isa = PBXFileReference; lastKnownFileType = sourcecode.swift; path = Handlers.swift; sourceTree = "<group>"; };
		CE16C3952993E7B50095F137 /* CoreDataService.swift */ = {isa = PBXFileReference; lastKnownFileType = sourcecode.swift; path = CoreDataService.swift; sourceTree = "<group>"; };
		CE16C39B2993E9780095F137 /* MovieStorage.xcdatamodel */ = {isa = PBXFileReference; lastKnownFileType = wrapper.xcdatamodel; path = MovieStorage.xcdatamodel; sourceTree = "<group>"; };
		CE16C3A42994FCDC0095F137 /* KeychainService.swift */ = {isa = PBXFileReference; lastKnownFileType = sourcecode.swift; path = KeychainService.swift; sourceTree = "<group>"; };
		CE16C3A62994FCE60095F137 /* KeychainServiceProtocol.swift */ = {isa = PBXFileReference; lastKnownFileType = sourcecode.swift; path = KeychainServiceProtocol.swift; sourceTree = "<group>"; };
		CE16C3AB299562680095F137 /* CoreDataServiceProtocol.swift */ = {isa = PBXFileReference; lastKnownFileType = sourcecode.swift; path = CoreDataServiceProtocol.swift; sourceTree = "<group>"; };
		CE16C3B42997FD060095F137 /* MovieMVVMTests.xctest */ = {isa = PBXFileReference; explicitFileType = wrapper.cfbundle; includeInIndex = 0; path = MovieMVVMTests.xctest; sourceTree = BUILT_PRODUCTS_DIR; };
		CE16C3BD2997FD5F0095F137 /* BaseCoordinatorTests.swift */ = {isa = PBXFileReference; lastKnownFileType = sourcecode.swift; path = BaseCoordinatorTests.swift; sourceTree = "<group>"; };
		CE16C3C12997FDA70095F137 /* MovieDetailViewModelTests.swift */ = {isa = PBXFileReference; lastKnownFileType = sourcecode.swift; path = MovieDetailViewModelTests.swift; sourceTree = "<group>"; };
		CE16C3C32997FDBE0095F137 /* MovieBilderTests.swift */ = {isa = PBXFileReference; lastKnownFileType = sourcecode.swift; path = MovieBilderTests.swift; sourceTree = "<group>"; };
		CE16C3C52997FDD10095F137 /* MovieViewModelTests.swift */ = {isa = PBXFileReference; lastKnownFileType = sourcecode.swift; path = MovieViewModelTests.swift; sourceTree = "<group>"; };
		CE16C3C72997FDE40095F137 /* ImageServiceTests.swift */ = {isa = PBXFileReference; lastKnownFileType = sourcecode.swift; path = ImageServiceTests.swift; sourceTree = "<group>"; };
		CE16C3C92997FDF90095F137 /* NetworkServiceTests.swift */ = {isa = PBXFileReference; lastKnownFileType = sourcecode.swift; path = NetworkServiceTests.swift; sourceTree = "<group>"; };
		CE16C3CB2997FE0B0095F137 /* KeychainServiceTests.swift */ = {isa = PBXFileReference; lastKnownFileType = sourcecode.swift; path = KeychainServiceTests.swift; sourceTree = "<group>"; };
		CE16C3CD2999D4870095F137 /* ApplicationCoordinator.swift */ = {isa = PBXFileReference; lastKnownFileType = sourcecode.swift; path = ApplicationCoordinator.swift; sourceTree = "<group>"; };
		CE16C3D02999DA700095F137 /* MockNetworkService.swift */ = {isa = PBXFileReference; lastKnownFileType = sourcecode.swift; path = MockNetworkService.swift; sourceTree = "<group>"; };
		CE16C3D22999DA800095F137 /* MockKeychainService.swift */ = {isa = PBXFileReference; lastKnownFileType = sourcecode.swift; path = MockKeychainService.swift; sourceTree = "<group>"; };
		CE16C3D42999DA940095F137 /* MockCoordinator.swift */ = {isa = PBXFileReference; lastKnownFileType = sourcecode.swift; path = MockCoordinator.swift; sourceTree = "<group>"; };
		CE16C3D62999DAA20095F137 /* MockProxy.swift */ = {isa = PBXFileReference; lastKnownFileType = sourcecode.swift; path = MockProxy.swift; sourceTree = "<group>"; };
		CE16C3D82999E2B50095F137 /* MockImageService.swift */ = {isa = PBXFileReference; lastKnownFileType = sourcecode.swift; path = MockImageService.swift; sourceTree = "<group>"; };
		CE16C3DC2999E6950095F137 /* FileManagerTests.swift */ = {isa = PBXFileReference; lastKnownFileType = sourcecode.swift; path = FileManagerTests.swift; sourceTree = "<group>"; };
		CE16C3DE2999EC4A0095F137 /* MockCoreDataService.swift */ = {isa = PBXFileReference; lastKnownFileType = sourcecode.swift; path = MockCoreDataService.swift; sourceTree = "<group>"; };
		CEF355CB299E9A3E00AF4438 /* Localizable.strings */ = {isa = PBXFileReference; lastKnownFileType = text.plist.strings; path = Localizable.strings; sourceTree = "<group>"; };
		CEF355CD299E9A8B00AF4438 /* Strings+Generated.swift */ = {isa = PBXFileReference; fileEncoding = 4; lastKnownFileType = sourcecode.swift; path = "Strings+Generated.swift"; sourceTree = "<group>"; };
/* End PBXFileReference section */

/* Begin PBXFrameworksBuildPhase section */
		55B2AA8E29069D6B009F0BD7 /* Frameworks */ = {
			isa = PBXFrameworksBuildPhase;
			buildActionMask = 2147483647;
			files = (
				A6EA5BB711226504E27C2C56 /* Pods_MovieMVVM.framework in Frameworks */,
			);
			runOnlyForDeploymentPostprocessing = 0;
		};
		CE16C3B12997FD060095F137 /* Frameworks */ = {
			isa = PBXFrameworksBuildPhase;
			buildActionMask = 2147483647;
			files = (
			);
			runOnlyForDeploymentPostprocessing = 0;
		};
/* End PBXFrameworksBuildPhase section */

/* Begin PBXGroup section */
		55076236290BDD92002BBFDD /* DetailModule */ = {
			isa = PBXGroup;
			children = (
				CE16C2C4299222040095F137 /* Protocol */,
				CE16C2C52992220A0095F137 /* ViewModel */,
				CE16C2C3299221FF0095F137 /* View */,
			);
			path = DetailModule;
			sourceTree = "<group>";
		};
		55643E982907CC210058B3A8 /* MainModule */ = {
			isa = PBXGroup;
			children = (
				CE16C28529915C430095F137 /* ViewModel */,
				CE16C28429915C3D0095F137 /* View */,
				CE16C28829915CDC0095F137 /* Helper */,
			);
			path = MainModule;
			sourceTree = "<group>";
		};
		55B2AA8829069D6B009F0BD7 = {
			isa = PBXGroup;
			children = (
				55B2AA9329069D6B009F0BD7 /* MovieMVVM */,
				CE16C3B52997FD060095F137 /* MovieMVVMTests */,
				55B2AA9229069D6B009F0BD7 /* Products */,
				B6A498732D54EA781741D29A /* Pods */,
				FD9DDCB62AF45BB574EA6084 /* Frameworks */,
			);
			sourceTree = "<group>";
		};
		55B2AA9229069D6B009F0BD7 /* Products */ = {
			isa = PBXGroup;
			children = (
				55B2AA9129069D6B009F0BD7 /* MovieMVVM.app */,
				CE16C3B42997FD060095F137 /* MovieMVVMTests.xctest */,
			);
			name = Products;
			sourceTree = "<group>";
		};
		55B2AA9329069D6B009F0BD7 /* MovieMVVM */ = {
			isa = PBXGroup;
			children = (
				CEF355C9299E9A1700AF4438 /* Resources */,
				CE16C2CA299232140095F137 /* App */,
				CE16C22F299106620095F137 /* Model */,
				CE16C236299107FA0095F137 /* Module */,
				CE16C2262990EB3B0095F137 /* Core */,
				CE16C28F29916B8A0095F137 /* Helpers */,
				55B2AA9A29069D6B009F0BD7 /* Main.storyboard */,
				55B2AA9D29069D71009F0BD7 /* Assets.xcassets */,
				55B2AA9F29069D71009F0BD7 /* LaunchScreen.storyboard */,
				55B2AAA229069D71009F0BD7 /* Info.plist */,
				CE16C39A2993E9780095F137 /* MovieMVVM.xcdatamodeld */,
				CE16C3AF2997FCCF0095F137 /* Unit Test */,
			);
			path = MovieMVVM;
			sourceTree = "<group>";
		};
		B6A498732D54EA781741D29A /* Pods */ = {
			isa = PBXGroup;
			children = (
				AB593A960390ABA37ED28852 /* Pods-MovieMVVM.debug.xcconfig */,
				CDD7D693AC2CFE02EE05DF44 /* Pods-MovieMVVM.release.xcconfig */,
			);
			path = Pods;
			sourceTree = "<group>";
		};
		CE16C2262990EB3B0095F137 /* Core */ = {
			isa = PBXGroup;
			children = (
				CE16C3A32994FCCC0095F137 /* KeychainLayer */,
				CE16C3942993E31B0095F137 /* StorageLayer */,
				CE16C2CB29924ACF0095F137 /* ImageServiceLayer */,
				CE16C229299102AB0095F137 /* NetworkServiceLayer */,
			);
			path = Core;
			sourceTree = "<group>";
		};
		CE16C229299102AB0095F137 /* NetworkServiceLayer */ = {
			isa = PBXGroup;
			children = (
				55643E942907BB1E0058B3A8 /* NetworkService.swift */,
				CE16C2272990FEC70095F137 /* NetworkServiceProtocol.swift */,
			);
			path = NetworkServiceLayer;
			sourceTree = "<group>";
		};
		CE16C22C299102BE0095F137 /* ImageService */ = {
			isa = PBXGroup;
			children = (
				CE16C2D7299251B90095F137 /* ImageServiceProtocol.swift */,
				CE16C2D9299251DE0095F137 /* ImageService.swift */,
				CE16C2D029924B3C0095F137 /* Proxy */,
			);
			path = ImageService;
			sourceTree = "<group>";
		};
		CE16C22F299106620095F137 /* Model */ = {
			isa = PBXGroup;
			children = (
				CE16C3092992C6EB0095F137 /* Coordinator */,
				55643E922907B6AC0058B3A8 /* Movies.swift */,
				CE16C2302991066F0095F137 /* Movie.swift */,
				55B474F4290939DA00955188 /* Casts.swift */,
				CE16C232299106970095F137 /* Cast.swift */,
				550762302909A2FD002BBFDD /* MovieDetail.swift */,
				CE16C234299107D00095F137 /* Genre.swift */,
			);
			path = Model;
			sourceTree = "<group>";
		};
		CE16C236299107FA0095F137 /* Module */ = {
			isa = PBXGroup;
			children = (
				55643E982907CC210058B3A8 /* MainModule */,
				55076236290BDD92002BBFDD /* DetailModule */,
			);
			path = Module;
			sourceTree = "<group>";
		};
		CE16C28429915C3D0095F137 /* View */ = {
			isa = PBXGroup;
			children = (
				55643E862906A57F0058B3A8 /* MovieViewController.swift */,
				CE16C29D29921BF30095F137 /* Cell */,
			);
			path = View;
			sourceTree = "<group>";
		};
		CE16C28529915C430095F137 /* ViewModel */ = {
			isa = PBXGroup;
			children = (
				CE16C28629915C620095F137 /* MovieViewModel.swift */,
			);
			name = ViewModel;
			sourceTree = "<group>";
		};
		CE16C28829915CDC0095F137 /* Helper */ = {
			isa = PBXGroup;
			children = (
				CE16C28929915CEA0095F137 /* MovieViewModelProtocol.swift */,
				CE16C28B29915D710095F137 /* MovieViewData.swift */,
			);
			name = Helper;
			sourceTree = "<group>";
		};
		CE16C28F29916B8A0095F137 /* Helpers */ = {
			isa = PBXGroup;
			children = (
				CE16C2FF2992959E0095F137 /* Extension */,
				CE16C28D299163FC0095F137 /* MovieCategory.swift */,
				CE16C29029916BA10095F137 /* Bilder.swift */,
				CE16C3032992B8680095F137 /* BilderProtocol.swift */,
				CE16C36D2993A5130095F137 /* Handlers.swift */,
			);
			name = Helpers;
			path = Core;
			sourceTree = "<group>";
		};
		CE16C29D29921BF30095F137 /* Cell */ = {
			isa = PBXGroup;
			children = (
				55643E8A2906C8940058B3A8 /* MovieViewCell.swift */,
			);
			path = Cell;
			sourceTree = "<group>";
		};
		CE16C29E29921C4E0095F137 /* Cell */ = {
			isa = PBXGroup;
			children = (
				55076234290A5F19002BBFDD /* ActorCollectionViewCell.swift */,
			);
			path = Cell;
			sourceTree = "<group>";
		};
		CE16C2C3299221FF0095F137 /* View */ = {
			isa = PBXGroup;
			children = (
				55BDFAC529093C480086B2DA /* MovieDetailViewController.swift */,
				CE16C29E29921C4E0095F137 /* Cell */,
			);
			path = View;
			sourceTree = "<group>";
		};
		CE16C2C4299222040095F137 /* Protocol */ = {
			isa = PBXGroup;
			children = (
				CE16C2C62992221E0095F137 /* MovieDetailViewModelProtocol.swift */,
			);
			name = Protocol;
			sourceTree = "<group>";
		};
		CE16C2C52992220A0095F137 /* ViewModel */ = {
			isa = PBXGroup;
			children = (
				CE16C2C82992222F0095F137 /* MovieDetailViewModel.swift */,
			);
			name = ViewModel;
			sourceTree = "<group>";
		};
		CE16C2CA299232140095F137 /* App */ = {
			isa = PBXGroup;
			children = (
				55B2AA9429069D6B009F0BD7 /* AppDelegate.swift */,
				55B2AA9629069D6B009F0BD7 /* SceneDelegate.swift */,
			);
			path = App;
			sourceTree = "<group>";
		};
		CE16C2CB29924ACF0095F137 /* ImageServiceLayer */ = {
			isa = PBXGroup;
			children = (
				CE16C22C299102BE0095F137 /* ImageService */,
			);
			name = ImageServiceLayer;
			sourceTree = "<group>";
		};
		CE16C2CF29924AF00095F137 /* FileManager */ = {
			isa = PBXGroup;
			children = (
				CE16C2D529924BD80095F137 /* FileManagerProtocol.swift */,
				CE16C2CD29924AEC0095F137 /* FileManager.swift */,
			);
			path = FileManager;
			sourceTree = "<group>";
		};
		CE16C2D029924B3C0095F137 /* Proxy */ = {
			isa = PBXGroup;
			children = (
				CE16C2D329924B860095F137 /* Proxy.swift */,
				CE16C2D129924B4E0095F137 /* ProxyProtocol.swift */,
				CE16C2CF29924AF00095F137 /* FileManager */,
				CE16C3022992B7660095F137 /* ImageApiService */,
			);
			name = Proxy;
			path = ..;
			sourceTree = "<group>";
		};
		CE16C2FF2992959E0095F137 /* Extension */ = {
			isa = PBXGroup;
			children = (
				CE16C2FB299288350095F137 /* UIButton+Extension.swift */,
				CE16C3052992BA980095F137 /* UIVIewController+Extension.swift */,
			);
			name = Extension;
			path = NetworkServiceLayer;
			sourceTree = "<group>";
		};
		CE16C3022992B7660095F137 /* ImageApiService */ = {
			isa = PBXGroup;
			children = (
				CE16C22A299102BB0095F137 /* ImageAPIService.swift */,
				CE16C22D299102E40095F137 /* ImageAPIServiceProtocol.swift */,
			);
			path = ImageApiService;
			sourceTree = "<group>";
		};
		CE16C3092992C6EB0095F137 /* Coordinator */ = {
			isa = PBXGroup;
			children = (
				CE16C30A2992C6FA0095F137 /* BaseCoordinator.swift */,
				CE16C3CD2999D4870095F137 /* ApplicationCoordinator.swift */,
				CE16C30C2992C71F0095F137 /* MovieCoordinator.swift */,
			);
			name = Coordinator;
			sourceTree = "<group>";
		};
		CE16C3942993E31B0095F137 /* StorageLayer */ = {
			isa = PBXGroup;
			children = (
				CE16C3952993E7B50095F137 /* CoreDataService.swift */,
				CE16C3AB299562680095F137 /* CoreDataServiceProtocol.swift */,
			);
			name = StorageLayer;
			sourceTree = "<group>";
		};
		CE16C3A32994FCCC0095F137 /* KeychainLayer */ = {
			isa = PBXGroup;
			children = (
				CE16C3A42994FCDC0095F137 /* KeychainService.swift */,
				CE16C3A62994FCE60095F137 /* KeychainServiceProtocol.swift */,
			);
			path = KeychainLayer;
			sourceTree = "<group>";
		};
		CE16C3AF2997FCCF0095F137 /* Unit Test */ = {
			isa = PBXGroup;
			children = (
			);
			path = "Unit Test";
			sourceTree = "<group>";
		};
		CE16C3B52997FD060095F137 /* MovieMVVMTests */ = {
			isa = PBXGroup;
			children = (
				CE16C3CF2999DA550095F137 /* Mock */,
				CE16C3C52997FDD10095F137 /* MovieViewModelTests.swift */,
				CE16C3C12997FDA70095F137 /* MovieDetailViewModelTests.swift */,
				CE16C3C92997FDF90095F137 /* NetworkServiceTests.swift */,
				CE16C3C32997FDBE0095F137 /* MovieBilderTests.swift */,
				CE16C3CB2997FE0B0095F137 /* KeychainServiceTests.swift */,
				CE16C3C72997FDE40095F137 /* ImageServiceTests.swift */,
				CE16C3DC2999E6950095F137 /* FileManagerTests.swift */,
				CE16C3BD2997FD5F0095F137 /* BaseCoordinatorTests.swift */,
			);
			path = MovieMVVMTests;
			sourceTree = "<group>";
		};
		CE16C3CF2999DA550095F137 /* Mock */ = {
			isa = PBXGroup;
			children = (
				CE16C3D02999DA700095F137 /* MockNetworkService.swift */,
				CE16C3D62999DAA20095F137 /* MockProxy.swift */,
				CE16C3D22999DA800095F137 /* MockKeychainService.swift */,
				CE16C3D42999DA940095F137 /* MockCoordinator.swift */,
				CE16C3D82999E2B50095F137 /* MockImageService.swift */,
				CE16C3DE2999EC4A0095F137 /* MockCoreDataService.swift */,
			);
			name = Mock;
			sourceTree = "<group>";
		};
		CEF355C9299E9A1700AF4438 /* Resources */ = {
			isa = PBXGroup;
			children = (
				CEF355CB299E9A3E00AF4438 /* Localizable.strings */,
				CEF355CA299E9A2500AF4438 /* SupportingFiles */,
			);
			path = Resources;
			sourceTree = "<group>";
		};
		CEF355CA299E9A2500AF4438 /* SupportingFiles */ = {
			isa = PBXGroup;
			children = (
				CEF355CD299E9A8B00AF4438 /* Strings+Generated.swift */,
			);
			path = SupportingFiles;
			sourceTree = "<group>";
		};
		FD9DDCB62AF45BB574EA6084 /* Frameworks */ = {
			isa = PBXGroup;
			children = (
				94DAA5F23EB8D9B8C5800005 /* Pods_MovieMVVM.framework */,
			);
			name = Frameworks;
			sourceTree = "<group>";
		};
/* End PBXGroup section */

/* Begin PBXNativeTarget section */
		55B2AA9029069D6B009F0BD7 /* MovieMVVM */ = {
			isa = PBXNativeTarget;
			buildConfigurationList = 55B2AAA529069D71009F0BD7 /* Build configuration list for PBXNativeTarget "MovieMVVM" */;
			buildPhases = (
				B06C294635B73BF8D221EEB2 /* [CP] Check Pods Manifest.lock */,
				55B2AA8D29069D6B009F0BD7 /* Sources */,
				55B2AA8E29069D6B009F0BD7 /* Frameworks */,
				55B2AA8F29069D6B009F0BD7 /* Resources */,
				55B2AAA92906A021009F0BD7 /* SwiftFormater */,
				55643E852906A49B0058B3A8 /* SwiftLint */,
				A1AF6FFC4374A8F7669BF914 /* [CP] Embed Pods Frameworks */,
				CEF355CF299E9B2500AF4438 /* SwiftGen */,
			);
			buildRules = (
			);
			dependencies = (
			);
			name = MovieMVVM;
			productName = Movie;
			productReference = 55B2AA9129069D6B009F0BD7 /* MovieMVVM.app */;
			productType = "com.apple.product-type.application";
		};
		CE16C3B32997FD060095F137 /* MovieMVVMTests */ = {
			isa = PBXNativeTarget;
			buildConfigurationList = CE16C3BA2997FD060095F137 /* Build configuration list for PBXNativeTarget "MovieMVVMTests" */;
			buildPhases = (
				CE16C3B02997FD060095F137 /* Sources */,
				CE16C3B12997FD060095F137 /* Frameworks */,
				CE16C3B22997FD060095F137 /* Resources */,
			);
			buildRules = (
			);
			dependencies = (
				CE16C3B92997FD060095F137 /* PBXTargetDependency */,
			);
			name = MovieMVVMTests;
			productName = MovieMVVMTests;
			productReference = CE16C3B42997FD060095F137 /* MovieMVVMTests.xctest */;
			productType = "com.apple.product-type.bundle.unit-test";
		};
/* End PBXNativeTarget section */

/* Begin PBXProject section */
		55B2AA8929069D6B009F0BD7 /* Project object */ = {
			isa = PBXProject;
			attributes = {
				BuildIndependentTargetsInParallel = 1;
				LastSwiftUpdateCheck = 1410;
				LastUpgradeCheck = 1400;
				TargetAttributes = {
					55B2AA9029069D6B009F0BD7 = {
						CreatedOnToolsVersion = 14.0.1;
					};
					CE16C3B32997FD060095F137 = {
						CreatedOnToolsVersion = 14.1;
						TestTargetID = 55B2AA9029069D6B009F0BD7;
					};
				};
			};
			buildConfigurationList = 55B2AA8C29069D6B009F0BD7 /* Build configuration list for PBXProject "MovieMVVM" */;
			compatibilityVersion = "Xcode 14.0";
			developmentRegion = en;
			hasScannedForEncodings = 0;
			knownRegions = (
				en,
				Base,
			);
			mainGroup = 55B2AA8829069D6B009F0BD7;
			productRefGroup = 55B2AA9229069D6B009F0BD7 /* Products */;
			projectDirPath = "";
			projectRoot = "";
			targets = (
				55B2AA9029069D6B009F0BD7 /* MovieMVVM */,
				CE16C3B32997FD060095F137 /* MovieMVVMTests */,
			);
		};
/* End PBXProject section */

/* Begin PBXResourcesBuildPhase section */
		55B2AA8F29069D6B009F0BD7 /* Resources */ = {
			isa = PBXResourcesBuildPhase;
			buildActionMask = 2147483647;
			files = (
				55B2AAA129069D71009F0BD7 /* LaunchScreen.storyboard in Resources */,
				CEF355CC299E9A3E00AF4438 /* Localizable.strings in Resources */,
				55B2AA9E29069D71009F0BD7 /* Assets.xcassets in Resources */,
				55B2AA9C29069D6B009F0BD7 /* Main.storyboard in Resources */,
			);
			runOnlyForDeploymentPostprocessing = 0;
		};
		CE16C3B22997FD060095F137 /* Resources */ = {
			isa = PBXResourcesBuildPhase;
			buildActionMask = 2147483647;
			files = (
			);
			runOnlyForDeploymentPostprocessing = 0;
		};
/* End PBXResourcesBuildPhase section */

/* Begin PBXShellScriptBuildPhase section */
		55643E852906A49B0058B3A8 /* SwiftLint */ = {
			isa = PBXShellScriptBuildPhase;
			alwaysOutOfDate = 1;
			buildActionMask = 2147483647;
			files = (
			);
			inputFileListPaths = (
			);
			inputPaths = (
			);
			name = SwiftLint;
			outputFileListPaths = (
			);
			outputPaths = (
			);
			runOnlyForDeploymentPostprocessing = 0;
			shellPath = /bin/sh;
			shellScript = "export PATH=\"$PATH:/opt/homebrew/bin\"\nif which swiftlint > /dev/null; then\n  swiftlint\nelse\n  echo \"warning: SwiftLint not installed, download from https://github.com/realm/SwiftLint\"\nfi\n";
		};
		55B2AAA92906A021009F0BD7 /* SwiftFormater */ = {
			isa = PBXShellScriptBuildPhase;
			alwaysOutOfDate = 1;
			buildActionMask = 2147483647;
			files = (
			);
			inputFileListPaths = (
			);
			inputPaths = (
			);
			name = SwiftFormater;
			outputFileListPaths = (
			);
			outputPaths = (
			);
			runOnlyForDeploymentPostprocessing = 0;
			shellPath = /bin/sh;
			shellScript = "export PATH=\"$PATH:/opt/homebrew/bin\"\nif which swiftformat >/dev/null; then\n  swiftformat .\nelse\n  echo \"warning: SwiftFormat not installed, download from https://github.com/nicklockwood/SwiftFormat\"\nfi\n";
		};
		A1AF6FFC4374A8F7669BF914 /* [CP] Embed Pods Frameworks */ = {
			isa = PBXShellScriptBuildPhase;
			buildActionMask = 2147483647;
			files = (
			);
			inputFileListPaths = (
				"${PODS_ROOT}/Target Support Files/Pods-MovieMVVM/Pods-MovieMVVM-frameworks-${CONFIGURATION}-input-files.xcfilelist",
			);
			name = "[CP] Embed Pods Frameworks";
			outputFileListPaths = (
				"${PODS_ROOT}/Target Support Files/Pods-MovieMVVM/Pods-MovieMVVM-frameworks-${CONFIGURATION}-output-files.xcfilelist",
			);
			runOnlyForDeploymentPostprocessing = 0;
			shellPath = /bin/sh;
			shellScript = "\"${PODS_ROOT}/Target Support Files/Pods-MovieMVVM/Pods-MovieMVVM-frameworks.sh\"\n";
			showEnvVarsInLog = 0;
		};
		B06C294635B73BF8D221EEB2 /* [CP] Check Pods Manifest.lock */ = {
			isa = PBXShellScriptBuildPhase;
			buildActionMask = 2147483647;
			files = (
			);
			inputFileListPaths = (
			);
			inputPaths = (
				"${PODS_PODFILE_DIR_PATH}/Podfile.lock",
				"${PODS_ROOT}/Manifest.lock",
			);
			name = "[CP] Check Pods Manifest.lock";
			outputFileListPaths = (
			);
			outputPaths = (
				"$(DERIVED_FILE_DIR)/Pods-MovieMVVM-checkManifestLockResult.txt",
			);
			runOnlyForDeploymentPostprocessing = 0;
			shellPath = /bin/sh;
			shellScript = "diff \"${PODS_PODFILE_DIR_PATH}/Podfile.lock\" \"${PODS_ROOT}/Manifest.lock\" > /dev/null\nif [ $? != 0 ] ; then\n    # print error to STDERR\n    echo \"error: The sandbox is not in sync with the Podfile.lock. Run 'pod install' or update your CocoaPods installation.\" >&2\n    exit 1\nfi\n# This output is used by Xcode 'outputs' to avoid re-running this script phase.\necho \"SUCCESS\" > \"${SCRIPT_OUTPUT_FILE_0}\"\n";
			showEnvVarsInLog = 0;
		};
		CEF355CF299E9B2500AF4438 /* SwiftGen */ = {
			isa = PBXShellScriptBuildPhase;
			alwaysOutOfDate = 1;
			buildActionMask = 2147483647;
			files = (
			);
			inputFileListPaths = (
			);
			inputPaths = (
			);
			name = SwiftGen;
			outputFileListPaths = (
			);
			outputPaths = (
			);
			runOnlyForDeploymentPostprocessing = 0;
			shellPath = /bin/sh;
			shellScript = "export PATH=\"$PATH:/opt/homebrew/bin\"\nif which swiftgen > /dev/null; then\n  swiftgen\nelse\n  echo \"warning: SwiftGen not installed, download from https://github.com/SwiftGen/SwiftGen\"\nfi\n";
		};
/* End PBXShellScriptBuildPhase section */

/* Begin PBXSourcesBuildPhase section */
		55B2AA8D29069D6B009F0BD7 /* Sources */ = {
			isa = PBXSourcesBuildPhase;
			buildActionMask = 2147483647;
			files = (
				CE16C28C29915D710095F137 /* MovieViewData.swift in Sources */,
				CE16C2312991066F0095F137 /* Movie.swift in Sources */,
				CE16C29129916BA10095F137 /* Bilder.swift in Sources */,
				55076235290A5F19002BBFDD /* ActorCollectionViewCell.swift in Sources */,
				550762312909A2FD002BBFDD /* MovieDetail.swift in Sources */,
				CE16C3CE2999D4870095F137 /* ApplicationCoordinator.swift in Sources */,
				55643E952907BB1E0058B3A8 /* NetworkService.swift in Sources */,
				CE16C36E2993A5130095F137 /* Handlers.swift in Sources */,
				CE16C2D629924BD80095F137 /* FileManagerProtocol.swift in Sources */,
				55643E872906A57F0058B3A8 /* MovieViewController.swift in Sources */,
				CE16C39C2993E9780095F137 /* MovieMVVM.xcdatamodeld in Sources */,
				55643E932907B6AC0058B3A8 /* Movies.swift in Sources */,
				55B2AA9529069D6B009F0BD7 /* AppDelegate.swift in Sources */,
				CE16C235299107D00095F137 /* Genre.swift in Sources */,
				CE16C233299106970095F137 /* Cast.swift in Sources */,
				CE16C28A29915CEA0095F137 /* MovieViewModelProtocol.swift in Sources */,
				CE16C22B299102BB0095F137 /* ImageAPIService.swift in Sources */,
				CE16C2D229924B4E0095F137 /* ProxyProtocol.swift in Sources */,
				CE16C3962993E7B50095F137 /* CoreDataService.swift in Sources */,
				CE16C28E299163FC0095F137 /* MovieCategory.swift in Sources */,
				CE16C3A52994FCDC0095F137 /* KeychainService.swift in Sources */,
				CE16C2DA299251DE0095F137 /* ImageService.swift in Sources */,
				CE16C30D2992C71F0095F137 /* MovieCoordinator.swift in Sources */,
				55B2AA9729069D6B009F0BD7 /* SceneDelegate.swift in Sources */,
				CE16C2282990FEC70095F137 /* NetworkServiceProtocol.swift in Sources */,
				CE16C2FC299288350095F137 /* UIButton+Extension.swift in Sources */,
				CE16C22E299102E40095F137 /* ImageAPIServiceProtocol.swift in Sources */,
				55B474F5290939DB00955188 /* Casts.swift in Sources */,
				55BDFAC629093C480086B2DA /* MovieDetailViewController.swift in Sources */,
				CE16C2CE29924AEC0095F137 /* FileManager.swift in Sources */,
				CE16C2C92992222F0095F137 /* MovieDetailViewModel.swift in Sources */,
				CE16C2D429924B860095F137 /* Proxy.swift in Sources */,
				CEF355CE299E9A8B00AF4438 /* Strings+Generated.swift in Sources */,
				CE16C3AC299562680095F137 /* CoreDataServiceProtocol.swift in Sources */,
				CE16C3062992BA980095F137 /* UIVIewController+Extension.swift in Sources */,
				CE16C28729915C620095F137 /* MovieViewModel.swift in Sources */,
				CE16C2D8299251B90095F137 /* ImageServiceProtocol.swift in Sources */,
				CE16C3042992B8680095F137 /* BilderProtocol.swift in Sources */,
				CE16C2C72992221E0095F137 /* MovieDetailViewModelProtocol.swift in Sources */,
				CE16C30B2992C6FA0095F137 /* BaseCoordinator.swift in Sources */,
				55643E8B2906C8940058B3A8 /* MovieViewCell.swift in Sources */,
				CE16C3A72994FCE60095F137 /* KeychainServiceProtocol.swift in Sources */,
			);
			runOnlyForDeploymentPostprocessing = 0;
		};
		CE16C3B02997FD060095F137 /* Sources */ = {
			isa = PBXSourcesBuildPhase;
			buildActionMask = 2147483647;
			files = (
				CE16C3C22997FDA70095F137 /* MovieDetailViewModelTests.swift in Sources */,
				CE16C3D92999E2B50095F137 /* MockImageService.swift in Sources */,
				CE16C3D52999DA940095F137 /* MockCoordinator.swift in Sources */,
				CE16C3D12999DA700095F137 /* MockNetworkService.swift in Sources */,
				CE16C3D32999DA800095F137 /* MockKeychainService.swift in Sources */,
				CE16C3CA2997FDF90095F137 /* NetworkServiceTests.swift in Sources */,
				CE16C3DF2999EC4A0095F137 /* MockCoreDataService.swift in Sources */,
				CE16C3CC2997FE0B0095F137 /* KeychainServiceTests.swift in Sources */,
				CE16C3C62997FDD10095F137 /* MovieViewModelTests.swift in Sources */,
				CE16C3D72999DAA20095F137 /* MockProxy.swift in Sources */,
				CE16C3DD2999E6950095F137 /* FileManagerTests.swift in Sources */,
				CE16C3C42997FDBE0095F137 /* MovieBilderTests.swift in Sources */,
				CE16C3BE2997FD5F0095F137 /* BaseCoordinatorTests.swift in Sources */,
				CE16C3C82997FDE40095F137 /* ImageServiceTests.swift in Sources */,
			);
			runOnlyForDeploymentPostprocessing = 0;
		};
/* End PBXSourcesBuildPhase section */

/* Begin PBXTargetDependency section */
		CE16C3B92997FD060095F137 /* PBXTargetDependency */ = {
			isa = PBXTargetDependency;
			target = 55B2AA9029069D6B009F0BD7 /* MovieMVVM */;
			targetProxy = CE16C3B82997FD060095F137 /* PBXContainerItemProxy */;
		};
/* End PBXTargetDependency section */

/* Begin PBXVariantGroup section */
		55B2AA9A29069D6B009F0BD7 /* Main.storyboard */ = {
			isa = PBXVariantGroup;
			children = (
				55B2AA9B29069D6B009F0BD7 /* Base */,
			);
			name = Main.storyboard;
			sourceTree = "<group>";
		};
		55B2AA9F29069D71009F0BD7 /* LaunchScreen.storyboard */ = {
			isa = PBXVariantGroup;
			children = (
				55B2AAA029069D71009F0BD7 /* Base */,
			);
			name = LaunchScreen.storyboard;
			sourceTree = "<group>";
		};
/* End PBXVariantGroup section */

/* Begin XCBuildConfiguration section */
		55B2AAA329069D71009F0BD7 /* Debug */ = {
			isa = XCBuildConfiguration;
			buildSettings = {
				ALWAYS_SEARCH_USER_PATHS = NO;
				CLANG_ANALYZER_NONNULL = YES;
				CLANG_ANALYZER_NUMBER_OBJECT_CONVERSION = YES_AGGRESSIVE;
				CLANG_CXX_LANGUAGE_STANDARD = "gnu++20";
				CLANG_ENABLE_MODULES = YES;
				CLANG_ENABLE_OBJC_ARC = YES;
				CLANG_ENABLE_OBJC_WEAK = YES;
				CLANG_WARN_BLOCK_CAPTURE_AUTORELEASING = YES;
				CLANG_WARN_BOOL_CONVERSION = YES;
				CLANG_WARN_COMMA = YES;
				CLANG_WARN_CONSTANT_CONVERSION = YES;
				CLANG_WARN_DEPRECATED_OBJC_IMPLEMENTATIONS = YES;
				CLANG_WARN_DIRECT_OBJC_ISA_USAGE = YES_ERROR;
				CLANG_WARN_DOCUMENTATION_COMMENTS = YES;
				CLANG_WARN_EMPTY_BODY = YES;
				CLANG_WARN_ENUM_CONVERSION = YES;
				CLANG_WARN_INFINITE_RECURSION = YES;
				CLANG_WARN_INT_CONVERSION = YES;
				CLANG_WARN_NON_LITERAL_NULL_CONVERSION = YES;
				CLANG_WARN_OBJC_IMPLICIT_RETAIN_SELF = YES;
				CLANG_WARN_OBJC_LITERAL_CONVERSION = YES;
				CLANG_WARN_OBJC_ROOT_CLASS = YES_ERROR;
				CLANG_WARN_QUOTED_INCLUDE_IN_FRAMEWORK_HEADER = YES;
				CLANG_WARN_RANGE_LOOP_ANALYSIS = YES;
				CLANG_WARN_STRICT_PROTOTYPES = YES;
				CLANG_WARN_SUSPICIOUS_MOVE = YES;
				CLANG_WARN_UNGUARDED_AVAILABILITY = YES_AGGRESSIVE;
				CLANG_WARN_UNREACHABLE_CODE = YES;
				CLANG_WARN__DUPLICATE_METHOD_MATCH = YES;
				COPY_PHASE_STRIP = NO;
				DEBUG_INFORMATION_FORMAT = dwarf;
				ENABLE_STRICT_OBJC_MSGSEND = YES;
				ENABLE_TESTABILITY = YES;
				GCC_C_LANGUAGE_STANDARD = gnu11;
				GCC_DYNAMIC_NO_PIC = NO;
				GCC_NO_COMMON_BLOCKS = YES;
				GCC_OPTIMIZATION_LEVEL = 0;
				GCC_PREPROCESSOR_DEFINITIONS = (
					"DEBUG=1",
					"$(inherited)",
				);
				GCC_WARN_64_TO_32_BIT_CONVERSION = YES;
				GCC_WARN_ABOUT_RETURN_TYPE = YES_ERROR;
				GCC_WARN_UNDECLARED_SELECTOR = YES;
				GCC_WARN_UNINITIALIZED_AUTOS = YES_AGGRESSIVE;
				GCC_WARN_UNUSED_FUNCTION = YES;
				GCC_WARN_UNUSED_VARIABLE = YES;
				IPHONEOS_DEPLOYMENT_TARGET = 15.0;
				MTL_ENABLE_DEBUG_INFO = INCLUDE_SOURCE;
				MTL_FAST_MATH = YES;
				ONLY_ACTIVE_ARCH = YES;
				SDKROOT = iphoneos;
				SWIFT_ACTIVE_COMPILATION_CONDITIONS = DEBUG;
				SWIFT_OPTIMIZATION_LEVEL = "-Onone";
			};
			name = Debug;
		};
		55B2AAA429069D71009F0BD7 /* Release */ = {
			isa = XCBuildConfiguration;
			buildSettings = {
				ALWAYS_SEARCH_USER_PATHS = NO;
				CLANG_ANALYZER_NONNULL = YES;
				CLANG_ANALYZER_NUMBER_OBJECT_CONVERSION = YES_AGGRESSIVE;
				CLANG_CXX_LANGUAGE_STANDARD = "gnu++20";
				CLANG_ENABLE_MODULES = YES;
				CLANG_ENABLE_OBJC_ARC = YES;
				CLANG_ENABLE_OBJC_WEAK = YES;
				CLANG_WARN_BLOCK_CAPTURE_AUTORELEASING = YES;
				CLANG_WARN_BOOL_CONVERSION = YES;
				CLANG_WARN_COMMA = YES;
				CLANG_WARN_CONSTANT_CONVERSION = YES;
				CLANG_WARN_DEPRECATED_OBJC_IMPLEMENTATIONS = YES;
				CLANG_WARN_DIRECT_OBJC_ISA_USAGE = YES_ERROR;
				CLANG_WARN_DOCUMENTATION_COMMENTS = YES;
				CLANG_WARN_EMPTY_BODY = YES;
				CLANG_WARN_ENUM_CONVERSION = YES;
				CLANG_WARN_INFINITE_RECURSION = YES;
				CLANG_WARN_INT_CONVERSION = YES;
				CLANG_WARN_NON_LITERAL_NULL_CONVERSION = YES;
				CLANG_WARN_OBJC_IMPLICIT_RETAIN_SELF = YES;
				CLANG_WARN_OBJC_LITERAL_CONVERSION = YES;
				CLANG_WARN_OBJC_ROOT_CLASS = YES_ERROR;
				CLANG_WARN_QUOTED_INCLUDE_IN_FRAMEWORK_HEADER = YES;
				CLANG_WARN_RANGE_LOOP_ANALYSIS = YES;
				CLANG_WARN_STRICT_PROTOTYPES = YES;
				CLANG_WARN_SUSPICIOUS_MOVE = YES;
				CLANG_WARN_UNGUARDED_AVAILABILITY = YES_AGGRESSIVE;
				CLANG_WARN_UNREACHABLE_CODE = YES;
				CLANG_WARN__DUPLICATE_METHOD_MATCH = YES;
				COPY_PHASE_STRIP = NO;
				DEBUG_INFORMATION_FORMAT = "dwarf-with-dsym";
				ENABLE_NS_ASSERTIONS = NO;
				ENABLE_STRICT_OBJC_MSGSEND = YES;
				GCC_C_LANGUAGE_STANDARD = gnu11;
				GCC_NO_COMMON_BLOCKS = YES;
				GCC_WARN_64_TO_32_BIT_CONVERSION = YES;
				GCC_WARN_ABOUT_RETURN_TYPE = YES_ERROR;
				GCC_WARN_UNDECLARED_SELECTOR = YES;
				GCC_WARN_UNINITIALIZED_AUTOS = YES_AGGRESSIVE;
				GCC_WARN_UNUSED_FUNCTION = YES;
				GCC_WARN_UNUSED_VARIABLE = YES;
				IPHONEOS_DEPLOYMENT_TARGET = 15.0;
				MTL_ENABLE_DEBUG_INFO = NO;
				MTL_FAST_MATH = YES;
				SDKROOT = iphoneos;
				SWIFT_COMPILATION_MODE = wholemodule;
				SWIFT_OPTIMIZATION_LEVEL = "-O";
				VALIDATE_PRODUCT = YES;
			};
			name = Release;
		};
		55B2AAA629069D71009F0BD7 /* Debug */ = {
			isa = XCBuildConfiguration;
			baseConfigurationReference = AB593A960390ABA37ED28852 /* Pods-MovieMVVM.debug.xcconfig */;
			buildSettings = {
				ASSETCATALOG_COMPILER_APPICON_NAME = AppIcon;
				ASSETCATALOG_COMPILER_GLOBAL_ACCENT_COLOR_NAME = AccentColor;
				CLANG_USE_OPTIMIZATION_PROFILE = NO;
				CODE_SIGN_STYLE = Automatic;
				CURRENT_PROJECT_VERSION = 1;
				DEVELOPMENT_TEAM = GU5MMAQ8BR;
				GENERATE_INFOPLIST_FILE = YES;
				INFOPLIST_FILE = MovieMVVM/Info.plist;
				INFOPLIST_KEY_UIApplicationSupportsIndirectInputEvents = YES;
				INFOPLIST_KEY_UILaunchStoryboardName = LaunchScreen;
				INFOPLIST_KEY_UIMainStoryboardFile = Main;
				INFOPLIST_KEY_UISupportedInterfaceOrientations_iPad = "UIInterfaceOrientationPortrait UIInterfaceOrientationPortraitUpsideDown UIInterfaceOrientationLandscapeLeft UIInterfaceOrientationLandscapeRight";
				INFOPLIST_KEY_UISupportedInterfaceOrientations_iPhone = "UIInterfaceOrientationPortrait UIInterfaceOrientationLandscapeLeft UIInterfaceOrientationLandscapeRight";
				LD_RUNPATH_SEARCH_PATHS = (
					"$(inherited)",
					"@executable_path/Frameworks",
				);
				MARKETING_VERSION = 1.0;
				PRODUCT_BUNDLE_IDENTIFIER = VladkaTeam.Movie;
				PRODUCT_NAME = "$(TARGET_NAME)";
				SUPPORTED_PLATFORMS = "iphoneos iphonesimulator";
				SUPPORTS_MACCATALYST = NO;
				SUPPORTS_MAC_DESIGNED_FOR_IPHONE_IPAD = NO;
				SWIFT_EMIT_LOC_STRINGS = YES;
				SWIFT_VERSION = 5.0;
				TARGETED_DEVICE_FAMILY = 1;
			};
			name = Debug;
		};
		55B2AAA729069D71009F0BD7 /* Release */ = {
			isa = XCBuildConfiguration;
			baseConfigurationReference = CDD7D693AC2CFE02EE05DF44 /* Pods-MovieMVVM.release.xcconfig */;
			buildSettings = {
				ASSETCATALOG_COMPILER_APPICON_NAME = AppIcon;
				ASSETCATALOG_COMPILER_GLOBAL_ACCENT_COLOR_NAME = AccentColor;
				CLANG_USE_OPTIMIZATION_PROFILE = NO;
				CODE_SIGN_STYLE = Automatic;
				CURRENT_PROJECT_VERSION = 1;
				DEVELOPMENT_TEAM = GU5MMAQ8BR;
				GENERATE_INFOPLIST_FILE = YES;
				INFOPLIST_FILE = MovieMVVM/Info.plist;
				INFOPLIST_KEY_UIApplicationSupportsIndirectInputEvents = YES;
				INFOPLIST_KEY_UILaunchStoryboardName = LaunchScreen;
				INFOPLIST_KEY_UIMainStoryboardFile = Main;
				INFOPLIST_KEY_UISupportedInterfaceOrientations_iPad = "UIInterfaceOrientationPortrait UIInterfaceOrientationPortraitUpsideDown UIInterfaceOrientationLandscapeLeft UIInterfaceOrientationLandscapeRight";
				INFOPLIST_KEY_UISupportedInterfaceOrientations_iPhone = "UIInterfaceOrientationPortrait UIInterfaceOrientationLandscapeLeft UIInterfaceOrientationLandscapeRight";
				LD_RUNPATH_SEARCH_PATHS = (
					"$(inherited)",
					"@executable_path/Frameworks",
				);
				MARKETING_VERSION = 1.0;
				PRODUCT_BUNDLE_IDENTIFIER = VladkaTeam.Movie;
				PRODUCT_NAME = "$(TARGET_NAME)";
				SUPPORTED_PLATFORMS = "iphoneos iphonesimulator";
				SUPPORTS_MACCATALYST = NO;
				SUPPORTS_MAC_DESIGNED_FOR_IPHONE_IPAD = NO;
				SWIFT_EMIT_LOC_STRINGS = YES;
				SWIFT_VERSION = 5.0;
				TARGETED_DEVICE_FAMILY = 1;
			};
			name = Release;
		};
		CE16C3BB2997FD060095F137 /* Debug */ = {
			isa = XCBuildConfiguration;
			buildSettings = {
				BUNDLE_LOADER = "$(TEST_HOST)";
				CODE_SIGN_STYLE = Automatic;
				CURRENT_PROJECT_VERSION = 1;
				DEVELOPMENT_TEAM = GU5MMAQ8BR;
				GENERATE_INFOPLIST_FILE = YES;
				IPHONEOS_DEPLOYMENT_TARGET = 16.1;
				MARKETING_VERSION = 1.0;
				PRODUCT_BUNDLE_IDENTIFIER = Vladka.MovieMVVMTests;
				PRODUCT_NAME = "$(TARGET_NAME)";
				SWIFT_EMIT_LOC_STRINGS = NO;
				SWIFT_VERSION = 5.0;
				TARGETED_DEVICE_FAMILY = "1,2";
				TEST_HOST = "$(BUILT_PRODUCTS_DIR)/MovieMVVM.app/$(BUNDLE_EXECUTABLE_FOLDER_PATH)/MovieMVVM";
			};
			name = Debug;
		};
		CE16C3BC2997FD060095F137 /* Release */ = {
			isa = XCBuildConfiguration;
			buildSettings = {
				BUNDLE_LOADER = "$(TEST_HOST)";
				CODE_SIGN_STYLE = Automatic;
				CURRENT_PROJECT_VERSION = 1;
				DEVELOPMENT_TEAM = GU5MMAQ8BR;
				GENERATE_INFOPLIST_FILE = YES;
				IPHONEOS_DEPLOYMENT_TARGET = 16.1;
				MARKETING_VERSION = 1.0;
				PRODUCT_BUNDLE_IDENTIFIER = Vladka.MovieMVVMTests;
				PRODUCT_NAME = "$(TARGET_NAME)";
				SWIFT_EMIT_LOC_STRINGS = NO;
				SWIFT_VERSION = 5.0;
				TARGETED_DEVICE_FAMILY = "1,2";
				TEST_HOST = "$(BUILT_PRODUCTS_DIR)/MovieMVVM.app/$(BUNDLE_EXECUTABLE_FOLDER_PATH)/MovieMVVM";
			};
			name = Release;
		};
/* End XCBuildConfiguration section */

/* Begin XCConfigurationList section */
		55B2AA8C29069D6B009F0BD7 /* Build configuration list for PBXProject "MovieMVVM" */ = {
			isa = XCConfigurationList;
			buildConfigurations = (
				55B2AAA329069D71009F0BD7 /* Debug */,
				55B2AAA429069D71009F0BD7 /* Release */,
			);
			defaultConfigurationIsVisible = 0;
			defaultConfigurationName = Release;
		};
		55B2AAA529069D71009F0BD7 /* Build configuration list for PBXNativeTarget "MovieMVVM" */ = {
			isa = XCConfigurationList;
			buildConfigurations = (
				55B2AAA629069D71009F0BD7 /* Debug */,
				55B2AAA729069D71009F0BD7 /* Release */,
			);
			defaultConfigurationIsVisible = 0;
			defaultConfigurationName = Release;
		};
		CE16C3BA2997FD060095F137 /* Build configuration list for PBXNativeTarget "MovieMVVMTests" */ = {
			isa = XCConfigurationList;
			buildConfigurations = (
				CE16C3BB2997FD060095F137 /* Debug */,
				CE16C3BC2997FD060095F137 /* Release */,
			);
			defaultConfigurationIsVisible = 0;
			defaultConfigurationName = Release;
		};
/* End XCConfigurationList section */

/* Begin XCVersionGroup section */
		CE16C39A2993E9780095F137 /* MovieMVVM.xcdatamodeld */ = {
			isa = XCVersionGroup;
			children = (
				CE16C39B2993E9780095F137 /* MovieStorage.xcdatamodel */,
			);
			currentVersion = CE16C39B2993E9780095F137 /* MovieStorage.xcdatamodel */;
			path = MovieMVVM.xcdatamodeld;
			sourceTree = "<group>";
			versionGroupType = wrapper.xcdatamodel;
		};
/* End XCVersionGroup section */
	};
	rootObject = 55B2AA8929069D6B009F0BD7 /* Project object */;
}
